
Microsoft Visual Studio Solution File, Format Version 12.00
# Visual Studio Version 16
VisualStudioVersion = 16.0.29509.3
MinimumVisualStudioVersion = 10.0.40219.1
Project("{9A19103F-16F7-4668-BE54-9A1E7A4F7556}") = "Analogy.LogViewer.XMLParser", "Analogy.LogViewer.XMLLogParser\Analogy.LogViewer.XMLParser.csproj", "{51F61B2C-DAEF-4867-AED5-DDBC6EBF5916}"
EndProject
Project("{9A19103F-16F7-4668-BE54-9A1E7A4F7556}") = "Analogy.LogViewer.XMLParser.UnitTests", "Analogy.LogViewerXMLLogParser.UnitTests\Analogy.LogViewer.XMLParser.UnitTests.csproj", "{DF2AFA86-5F40-4DC6-AF2F-8B9F5D9582BE}"
EndProject
Global
	GlobalSection(SolutionConfigurationPlatforms) = preSolution
		Debug|Any CPU = Debug|Any CPU
		Release|Any CPU = Release|Any CPU
	EndGlobalSection
	GlobalSection(ProjectConfigurationPlatforms) = postSolution
		{51F61B2C-DAEF-4867-AED5-DDBC6EBF5916}.Debug|Any CPU.ActiveCfg = Debug|Any CPU
		{51F61B2C-DAEF-4867-AED5-DDBC6EBF5916}.Debug|Any CPU.Build.0 = Debug|Any CPU
		{51F61B2C-DAEF-4867-AED5-DDBC6EBF5916}.Release|Any CPU.ActiveCfg = Release|Any CPU
		{51F61B2C-DAEF-4867-AED5-DDBC6EBF5916}.Release|Any CPU.Build.0 = Release|Any CPU
		{DF2AFA86-5F40-4DC6-AF2F-8B9F5D9582BE}.Debug|Any CPU.ActiveCfg = Debug|Any CPU
		{DF2AFA86-5F40-4DC6-AF2F-8B9F5D9582BE}.Debug|Any CPU.Build.0 = Debug|Any CPU
		{DF2AFA86-5F40-4DC6-AF2F-8B9F5D9582BE}.Release|Any CPU.ActiveCfg = Release|Any CPU
		{DF2AFA86-5F40-4DC6-AF2F-8B9F5D9582BE}.Release|Any CPU.Build.0 = Release|Any CPU
	EndGlobalSection
	GlobalSection(SolutionProperties) = preSolution
		HideSolutionNode = FALSE
	EndGlobalSection
	GlobalSection(ExtensibilityGlobals) = postSolution
		SolutionGuid = {9AF8B359-8A51-4C0B-8378-EEC295A9A000}
	EndGlobalSection
EndGlobal
